
Microsoft Visual Studio Solution File, Format Version 12.00
# Visual Studio 2012
Project("{FAE04EC0-301F-11D3-BF4B-00C04F79EFBC}") = "HelloWorldAppTest", "HelloWorldAppTest\HelloWorldAppTest.csproj", "{6BBA53DA-EC57-484B-80C2-3629C83D0DCD}"
EndProject
Project("{FAE04EC0-301F-11D3-BF4B-00C04F79EFBC}") = "HelloWorldAppTest.iOS", "iOS\HelloWorldAppTest.iOS.csproj", "{CB8F05C8-FB61-476E-9FF0-F3673ED8BD03}"
EndProject
Project("{FAE04EC0-301F-11D3-BF4B-00C04F79EFBC}") = "HelloWorldAppTest.Droid", "Droid\HelloWorldAppTest.Droid.csproj", "{C044C202-053C-4490-AC00-1E289A0F00A8}"
EndProject
Global
	GlobalSection(SolutionConfigurationPlatforms) = preSolution
		Debug|Any CPU = Debug|Any CPU
		Release|Any CPU = Release|Any CPU
		Debug|iPhoneSimulator = Debug|iPhoneSimulator
		Release|iPhone = Release|iPhone
		Release|iPhoneSimulator = Release|iPhoneSimulator
		Debug|iPhone = Debug|iPhone
	EndGlobalSection
	GlobalSection(ProjectConfigurationPlatforms) = postSolution
		{6BBA53DA-EC57-484B-80C2-3629C83D0DCD}.Debug|Any CPU.ActiveCfg = Debug|Any CPU
		{6BBA53DA-EC57-484B-80C2-3629C83D0DCD}.Debug|Any CPU.Build.0 = Debug|Any CPU
		{6BBA53DA-EC57-484B-80C2-3629C83D0DCD}.Release|Any CPU.ActiveCfg = Release|Any CPU
		{6BBA53DA-EC57-484B-80C2-3629C83D0DCD}.Release|Any CPU.Build.0 = Release|Any CPU
		{6BBA53DA-EC57-484B-80C2-3629C83D0DCD}.Debug|iPhoneSimulator.ActiveCfg = Debug|Any CPU
		{6BBA53DA-EC57-484B-80C2-3629C83D0DCD}.Debug|iPhoneSimulator.Build.0 = Debug|Any CPU
		{6BBA53DA-EC57-484B-80C2-3629C83D0DCD}.Release|iPhone.ActiveCfg = Release|Any CPU
		{6BBA53DA-EC57-484B-80C2-3629C83D0DCD}.Release|iPhone.Build.0 = Release|Any CPU
		{6BBA53DA-EC57-484B-80C2-3629C83D0DCD}.Release|iPhoneSimulator.ActiveCfg = Release|Any CPU
		{6BBA53DA-EC57-484B-80C2-3629C83D0DCD}.Release|iPhoneSimulator.Build.0 = Release|Any CPU
		{6BBA53DA-EC57-484B-80C2-3629C83D0DCD}.Debug|iPhone.ActiveCfg = Debug|Any CPU
		{6BBA53DA-EC57-484B-80C2-3629C83D0DCD}.Debug|iPhone.Build.0 = Debug|Any CPU
		{CB8F05C8-FB61-476E-9FF0-F3673ED8BD03}.Debug|Any CPU.ActiveCfg = Debug|iPhoneSimulator
		{CB8F05C8-FB61-476E-9FF0-F3673ED8BD03}.Debug|Any CPU.Build.0 = Debug|iPhoneSimulator
		{CB8F05C8-FB61-476E-9FF0-F3673ED8BD03}.Release|Any CPU.ActiveCfg = Release|iPhone
		{CB8F05C8-FB61-476E-9FF0-F3673ED8BD03}.Release|Any CPU.Build.0 = Release|iPhone
		{CB8F05C8-FB61-476E-9FF0-F3673ED8BD03}.Debug|iPhoneSimulator.ActiveCfg = Debug|iPhoneSimulator
		{CB8F05C8-FB61-476E-9FF0-F3673ED8BD03}.Debug|iPhoneSimulator.Build.0 = Debug|iPhoneSimulator
		{CB8F05C8-FB61-476E-9FF0-F3673ED8BD03}.Release|iPhone.ActiveCfg = Release|iPhone
		{CB8F05C8-FB61-476E-9FF0-F3673ED8BD03}.Release|iPhone.Build.0 = Release|iPhone
		{CB8F05C8-FB61-476E-9FF0-F3673ED8BD03}.Release|iPhoneSimulator.ActiveCfg = Release|iPhoneSimulator
		{CB8F05C8-FB61-476E-9FF0-F3673ED8BD03}.Release|iPhoneSimulator.Build.0 = Release|iPhoneSimulator
		{CB8F05C8-FB61-476E-9FF0-F3673ED8BD03}.Debug|iPhone.ActiveCfg = Debug|iPhone
		{CB8F05C8-FB61-476E-9FF0-F3673ED8BD03}.Debug|iPhone.Build.0 = Debug|iPhone
		{C044C202-053C-4490-AC00-1E289A0F00A8}.Debug|Any CPU.ActiveCfg = Debug|Any CPU
		{C044C202-053C-4490-AC00-1E289A0F00A8}.Debug|Any CPU.Build.0 = Debug|Any CPU
		{C044C202-053C-4490-AC00-1E289A0F00A8}.Release|Any CPU.ActiveCfg = Release|Any CPU
		{C044C202-053C-4490-AC00-1E289A0F00A8}.Release|Any CPU.Build.0 = Release|Any CPU
		{C044C202-053C-4490-AC00-1E289A0F00A8}.Debug|iPhoneSimulator.ActiveCfg = Debug|Any CPU
		{C044C202-053C-4490-AC00-1E289A0F00A8}.Debug|iPhoneSimulator.Build.0 = Debug|Any CPU
		{C044C202-053C-4490-AC00-1E289A0F00A8}.Release|iPhone.ActiveCfg = Release|Any CPU
		{C044C202-053C-4490-AC00-1E289A0F00A8}.Release|iPhone.Build.0 = Release|Any CPU
		{C044C202-053C-4490-AC00-1E289A0F00A8}.Release|iPhoneSimulator.ActiveCfg = Release|Any CPU
		{C044C202-053C-4490-AC00-1E289A0F00A8}.Release|iPhoneSimulator.Build.0 = Release|Any CPU
		{C044C202-053C-4490-AC00-1E289A0F00A8}.Debug|iPhone.ActiveCfg = Debug|Any CPU
		{C044C202-053C-4490-AC00-1E289A0F00A8}.Debug|iPhone.Build.0 = Debug|Any CPU
	EndGlobalSection
EndGlobal
