
Microsoft Visual Studio Solution File, Format Version 12.00
# Visual Studio 2012
Project("{FAE04EC0-301F-11D3-BF4B-00C04F79EFBC}") = "HelloWorldTestApp", "HelloWorldTestApp\HelloWorldTestApp.csproj", "{7E118034-DD19-4B94-8433-27DE273A58FD}"
EndProject
Project("{FAE04EC0-301F-11D3-BF4B-00C04F79EFBC}") = "HelloWorldTestApp.iOS", "iOS\HelloWorldTestApp.iOS.csproj", "{621458D5-244C-4CB8-859F-D19FD3EA113C}"
EndProject
Project("{FAE04EC0-301F-11D3-BF4B-00C04F79EFBC}") = "HelloWorldTestApp.Droid", "Droid\HelloWorldTestApp.Droid.csproj", "{54A764CC-033A-463B-B540-737FFA4F5A1F}"
EndProject
Global
	GlobalSection(SolutionConfigurationPlatforms) = preSolution
		Debug|Any CPU = Debug|Any CPU
		Release|Any CPU = Release|Any CPU
		Debug|iPhoneSimulator = Debug|iPhoneSimulator
		Release|iPhone = Release|iPhone
		Release|iPhoneSimulator = Release|iPhoneSimulator
		Debug|iPhone = Debug|iPhone
	EndGlobalSection
	GlobalSection(ProjectConfigurationPlatforms) = postSolution
		{7E118034-DD19-4B94-8433-27DE273A58FD}.Debug|Any CPU.ActiveCfg = Debug|Any CPU
		{7E118034-DD19-4B94-8433-27DE273A58FD}.Debug|Any CPU.Build.0 = Debug|Any CPU
		{7E118034-DD19-4B94-8433-27DE273A58FD}.Release|Any CPU.ActiveCfg = Release|Any CPU
		{7E118034-DD19-4B94-8433-27DE273A58FD}.Release|Any CPU.Build.0 = Release|Any CPU
		{7E118034-DD19-4B94-8433-27DE273A58FD}.Debug|iPhoneSimulator.ActiveCfg = Debug|Any CPU
		{7E118034-DD19-4B94-8433-27DE273A58FD}.Debug|iPhoneSimulator.Build.0 = Debug|Any CPU
		{7E118034-DD19-4B94-8433-27DE273A58FD}.Release|iPhone.ActiveCfg = Release|Any CPU
		{7E118034-DD19-4B94-8433-27DE273A58FD}.Release|iPhone.Build.0 = Release|Any CPU
		{7E118034-DD19-4B94-8433-27DE273A58FD}.Release|iPhoneSimulator.ActiveCfg = Release|Any CPU
		{7E118034-DD19-4B94-8433-27DE273A58FD}.Release|iPhoneSimulator.Build.0 = Release|Any CPU
		{7E118034-DD19-4B94-8433-27DE273A58FD}.Debug|iPhone.ActiveCfg = Debug|Any CPU
		{7E118034-DD19-4B94-8433-27DE273A58FD}.Debug|iPhone.Build.0 = Debug|Any CPU
		{621458D5-244C-4CB8-859F-D19FD3EA113C}.Debug|Any CPU.ActiveCfg = Debug|iPhoneSimulator
		{621458D5-244C-4CB8-859F-D19FD3EA113C}.Debug|Any CPU.Build.0 = Debug|iPhoneSimulator
		{621458D5-244C-4CB8-859F-D19FD3EA113C}.Release|Any CPU.ActiveCfg = Release|iPhone
		{621458D5-244C-4CB8-859F-D19FD3EA113C}.Release|Any CPU.Build.0 = Release|iPhone
		{621458D5-244C-4CB8-859F-D19FD3EA113C}.Debug|iPhoneSimulator.ActiveCfg = Debug|iPhoneSimulator
		{621458D5-244C-4CB8-859F-D19FD3EA113C}.Debug|iPhoneSimulator.Build.0 = Debug|iPhoneSimulator
		{621458D5-244C-4CB8-859F-D19FD3EA113C}.Release|iPhone.ActiveCfg = Release|iPhone
		{621458D5-244C-4CB8-859F-D19FD3EA113C}.Release|iPhone.Build.0 = Release|iPhone
		{621458D5-244C-4CB8-859F-D19FD3EA113C}.Release|iPhoneSimulator.ActiveCfg = Release|iPhoneSimulator
		{621458D5-244C-4CB8-859F-D19FD3EA113C}.Release|iPhoneSimulator.Build.0 = Release|iPhoneSimulator
		{621458D5-244C-4CB8-859F-D19FD3EA113C}.Debug|iPhone.ActiveCfg = Debug|iPhone
		{621458D5-244C-4CB8-859F-D19FD3EA113C}.Debug|iPhone.Build.0 = Debug|iPhone
		{54A764CC-033A-463B-B540-737FFA4F5A1F}.Debug|Any CPU.ActiveCfg = Debug|Any CPU
		{54A764CC-033A-463B-B540-737FFA4F5A1F}.Debug|Any CPU.Build.0 = Debug|Any CPU
		{54A764CC-033A-463B-B540-737FFA4F5A1F}.Release|Any CPU.ActiveCfg = Release|Any CPU
		{54A764CC-033A-463B-B540-737FFA4F5A1F}.Release|Any CPU.Build.0 = Release|Any CPU
		{54A764CC-033A-463B-B540-737FFA4F5A1F}.Debug|iPhoneSimulator.ActiveCfg = Debug|Any CPU
		{54A764CC-033A-463B-B540-737FFA4F5A1F}.Debug|iPhoneSimulator.Build.0 = Debug|Any CPU
		{54A764CC-033A-463B-B540-737FFA4F5A1F}.Release|iPhone.ActiveCfg = Release|Any CPU
		{54A764CC-033A-463B-B540-737FFA4F5A1F}.Release|iPhone.Build.0 = Release|Any CPU
		{54A764CC-033A-463B-B540-737FFA4F5A1F}.Release|iPhoneSimulator.ActiveCfg = Release|Any CPU
		{54A764CC-033A-463B-B540-737FFA4F5A1F}.Release|iPhoneSimulator.Build.0 = Release|Any CPU
		{54A764CC-033A-463B-B540-737FFA4F5A1F}.Debug|iPhone.ActiveCfg = Debug|Any CPU
		{54A764CC-033A-463B-B540-737FFA4F5A1F}.Debug|iPhone.Build.0 = Debug|Any CPU
	EndGlobalSection
EndGlobal
